{
  "name": "sentry-golden-path",
  "version": "1.0.0",
  "lockfileVersion": 3,
  "requires": true,
  "packages": {
    "": {
      "name": "sentry-golden-path",
      "version": "1.0.0",
      "license": "MIT",
      "devDependencies": {
        "@sentry/react": "^10.75.0",
        "@sentry/vue": "^10.75.0",
        "typescript": "^7.0.2",
        "vue": "^3.5.21"
      },
      "engines": {
        "node": ">=20"
      }
    },
    "node_modules/@babel/helper-string-parser": {
      "version": "7.29.7",
      "resolved": "https://registry.npmjs.org/@babel/helper-string-parser/-/helper-string-parser-7.29.7.tgz",
      "integrity": "sha512-Pb5ijPrZ89GDH8223L4UP8i6QApWxs04RbPQJTeWDV0/keR2E36MeKnyr6LYmUUvqRRI+Iv87SuF1W6ErINzYw==",
      "dev": true,
      "license": "MIT",
      "engines": {
        "node": ">=6.9.0"
      }
    },
    "node_modules/@babel/helper-validator-identifier": {
      "version": "7.29.7",
      "resolved": "https://registry.npmjs.org/@babel/helper-validator-identifier/-/helper-validator-identifier-7.29.7.tgz",
      "integrity": "sha512-qehxGkRj55h/ff8EMaJ+cYhyaKlHIxqYDn682wQD7RNp9UujOQsHog2uS0r2vzr4pW+sXf90NeeayjcNaX3fFg==",
      "dev": true,
      "license": "MIT",
      "engines": {
        "node": ">=6.9.0"
      }
    },
    "node_modules/@babel/parser": {
      "version": "7.29.8",
      "resolved": "https://registry.npmjs.org/@babel/parser/-/parser-7.29.8.tgz",
      "integrity": "sha512-E8lTAYNB1KW+FH+VGJuZM1ioAx2E6oVlvQFRrf5P8ZZmsiJXYAD9vTFV7yyEURNzgh1dFqMZuO6tUwcARbqFCA==",
      "dev": true,
      "license": "MIT",
      "dependencies": {
        "@babel/types": "^7.29.8"
      },
      "bin": {
        "parser": "bin/babel-parser.js"
      },
      "engines": {
        "node": ">=6.0.0"
      }
    },
    "node_modules/@babel/types": {
      "version": "7.29.8",
      "resolved": "https://registry.npmjs.org/@babel/types/-/types-7.29.8.tgz",
      "integrity": "sha512-Vj1jF3cPfxg7OAfoI7QnVKLoILlm2JF9pnVHrX8qx7AHMiYWT+NDAA7jChlNgRS4WTLc/fD1lXLmPixluj+3Gg==",
      "dev": true,
      "license": "MIT",
      "dependencies": {
        "@babel/helper-string-parser": "^7.29.7",
        "@babel/helper-validator-identifier": "^7.29.7"
      },
      "engines": {
        "node": ">=6.9.0"
      }
    },
    "node_modules/@jridgewell/sourcemap-codec": {
      "version": "1.6.0",
      "resolved": "https://registry.npmjs.org/@jridgewell/sourcemap-codec/-/sourcemap-codec-1.6.0.tgz",
      "integrity": "sha512-T7jf+5zgsZHwNJ4lvQ7/aezbyk0nNX+zJVWpmHA7VYsEx7a7qr5Rg5IbtJFqkgze5Y2sruq1RUY8Q837Od7iFw==",
      "dev": true,
      "license": "MIT"
    },
    "node_modules/@sentry/browser": {
      "version": "10.75.0",
      "resolved": "https://registry.npmjs.org/@sentry/browser/-/browser-10.75.0.tgz",
      "integrity": "sha512-CKGSJLWISQ6LgMaGnMpY+XvwWQ2iiHTayUs6SGLIvYeaGo2GTjS/Z4pnbCVHb2t1VxLZksyehgcC6ZYGJeQpzQ==",
      "dev": true,
      "license": "MIT",
      "dependencies": {
        "@sentry/browser-utils": "10.75.0",
        "@sentry/conventions": "^0.16.0",
        "@sentry/core": "10.75.0",
        "@sentry/feedback": "10.75.0",
        "@sentry/replay": "10.75.0",
        "@sentry/replay-canvas": "10.75.0"
      },
      "engines": {
        "node": ">=18"
      }
    },
    "node_modules/@sentry/browser-utils": {
      "version": "10.75.0",
      "resolved": "https://registry.npmjs.org/@sentry/browser-utils/-/browser-utils-10.75.0.tgz",
      "integrity": "sha512-yZfdQ87RLat/7retF8zA6Z9zCAT12IyaPvIiu+bbi1E1V1OqDpS8MKNa/6LF69Ap7DVTORi9ITEgjlAqTXF0xQ==",
      "dev": true,
      "license": "MIT",
      "dependencies": {
        "@sentry/conventions": "^0.16.0",
        "@sentry/core": "10.75.0"
      },
      "engines": {
        "node": ">=18"
      }
    },
    "node_modules/@sentry/conventions": {
      "version": "0.16.0",
      "resolved": "https://registry.npmjs.org/@sentry/conventions/-/conventions-0.16.0.tgz",
      "integrity": "sha512-fO9PLmHdVURcSPUpWCItWAtgKiMwGdJHbovoSEyLplX5sxs2ugvI4CBPTrkkgqhObnZOD0CnWBKDzSVQYBKEyQ==",
      "dev": true,
      "license": "MIT",
      "engines": {
        "node": ">=14"
      }
    },
    "node_modules/@sentry/core": {
      "version": "10.75.0",
      "resolved": "https://registry.npmjs.org/@sentry/core/-/core-10.75.0.tgz",
      "integrity": "sha512-5wDQpQqjJ6RHdPR+z6Q+47XlwoxRKBv0yyB0LKHqL/1azPOQbR+nllyLmmQDcoJpaksuLSmLA1q6hFX7gjDT2w==",
      "dev": true,
      "license": "MIT",
      "dependencies": {
        "@sentry/conventions": "^0.16.0"
      },
      "engines": {
        "node": ">=18"
      }
    },
    "node_modules/@sentry/feedback": {
      "version": "10.75.0",
      "resolved": "https://registry.npmjs.org/@sentry/feedback/-/feedback-10.75.0.tgz",
      "integrity": "sha512-YLVAFQXELJAOg7ke4oLkd8t5l0fJUockLlTQJg/2Trh7SB5Q4mkSwlnAkEAqDQ618vnpFsG/tnYMwtfZeffHjA==",
      "dev": true,
      "license": "MIT",
      "dependencies": {
        "@sentry/core": "10.75.0"
      },
      "engines": {
        "node": ">=18"
      }
    },
    "node_modules/@sentry/react": {
      "version": "10.75.0",
      "resolved": "https://registry.npmjs.org/@sentry/react/-/react-10.75.0.tgz",
      "integrity": "sha512-ghWv99h7k4WgMucqBhf4jZn+G0Owm5gCBCVKOKu88UDCWUd9aVJ8FGosAkATp/x/ogcZTnqG2dcXBD+1U+BJeA==",
      "dev": true,
      "license": "MIT",
      "dependencies": {
        "@sentry/browser": "10.75.0",
        "@sentry/conventions": "^0.16.0",
        "@sentry/core": "10.75.0"
      },
      "engines": {
        "node": ">=18"
      },
      "peerDependencies": {
        "react": "^16.14.0 || 17.x || 18.x || 19.x"
      }
    },
    "node_modules/@sentry/replay": {
      "version": "10.75.0",
      "resolved": "https://registry.npmjs.org/@sentry/replay/-/replay-10.75.0.tgz",
      "integrity": "sha512-p4xxEo/ayiMZG9tygr09YjqYAd52uq8Qi0EVoRRgUe70nQda0HVPVW519JLq0G+Th/5O5sKME9y1layLU3xlPg==",
      "dev": true,
      "license": "MIT",
      "dependencies": {
        "@sentry/browser-utils": "10.75.0",
        "@sentry/core": "10.75.0"
      },
      "engines": {
        "node": ">=18"
      }
    },
    "node_modules/@sentry/replay-canvas": {
      "version": "10.75.0",
      "resolved": "https://registry.npmjs.org/@sentry/replay-canvas/-/replay-canvas-10.75.0.tgz",
      "integrity": "sha512-LNokI5Ud22nZ/o2il/2SfbNIARupWrbS6Mh9jZroZTjD38FN0Oi9vIexj6h1HN81C6+lP2Tmpaj+fl3/wOizzA==",
      "dev": true,
      "license": "MIT",
      "dependencies": {
        "@sentry/core": "10.75.0",
        "@sentry/replay": "10.75.0"
      },
      "engines": {
        "node": ">=18"
      }
    },
    "node_modules/@sentry/vue": {
      "version": "10.75.0",
      "resolved": "https://registry.npmjs.org/@sentry/vue/-/vue-10.75.0.tgz",
      "integrity": "sha512-P4nU7ROw/U0v5cAFG+8MxxAm3no0wRy061AgvVSnr+NOUAXIUv5TkWNKXC2Xkbq7HoX+2r2ytvkJF07dUehLaA==",
      "dev": true,
      "license": "MIT",
      "dependencies": {
        "@sentry/browser": "10.75.0",
        "@sentry/conventions": "^0.16.0",
        "@sentry/core": "10.75.0"
      },
      "engines": {
        "node": ">=18"
      },
      "peerDependencies": {
        "@tanstack/vue-router": "^1.64.0",
        "pinia": "2.x || 3.x || 4.x",
        "vue": "2.x || 3.x"
      },
      "peerDependenciesMeta": {
        "@tanstack/vue-router": {
          "optional": true
        },
        "pinia": {
          "optional": true
        }
      }
    },
    "node_modules/@typescript/typescript-aix-ppc64": {
      "version": "7.0.2",
      "resolved": "https://registry.npmjs.org/@typescript/typescript-aix-ppc64/-/typescript-aix-ppc64-7.0.2.tgz",
      "integrity": "sha512-MTKKkWB7p/0E9xi1d1tHtZ5PiLkGEMIq88pK2CubZjOsLtYTLqhgIgi6zepFa+9GHZ6h05NMCkQxGKiPXMxXtQ==",
      "cpu": [
        "ppc64"
      ],
      "dev": true,
      "license": "Apache-2.0",
      "optional": true,
      "os": [
        "aix"
      ],
      "engines": {
        "node": ">=16.20.0"
      }
    },
    "node_modules/@typescript/typescript-darwin-arm64": {
      "version": "7.0.2",
      "resolved": "https://registry.npmjs.org/@typescript/typescript-darwin-arm64/-/typescript-darwin-arm64-7.0.2.tgz",
      "integrity": "sha512-gowzar9MwS/aRWp6f3a4KUqzRjAZjOsmGNCM6LcTgXum+dBfgsBVMN+AgvOCCbguXyick6LJhpBszxMebJ8syA==",
      "cpu": [
        "arm64"
      ],
      "dev": true,
      "license": "Apache-2.0",
      "optional": true,
      "os": [
        "darwin"
      ],
      "engines": {
        "node": ">=16.20.0"
      }
    },
    "node_modules/@typescript/typescript-darwin-x64": {
      "version": "7.0.2",
      "resolved": "https://registry.npmjs.org/@typescript/typescript-darwin-x64/-/typescript-darwin-x64-7.0.2.tgz",
      "integrity": "sha512-SZ9xZInqApNlNGc9s0W1VSsktYSOe9cFqNOIqmN1Gs8SmkjKZYFt017G4VwPxASInODuAdbTW7sXiFUf893RgA==",
      "cpu": [
        "x64"
      ],
      "dev": true,
      "license": "Apache-2.0",
      "optional": true,
      "os": [
        "darwin"
      ],
      "engines": {
        "node": ">=16.20.0"
      }
    },
    "node_modules/@typescript/typescript-freebsd-arm64": {
      "version": "7.0.2",
      "resolved": "https://registry.npmjs.org/@typescript/typescript-freebsd-arm64/-/typescript-freebsd-arm64-7.0.2.tgz",
      "integrity": "sha512-W5NH4y/J0plIIS5b2xvTEkU7JFxyqdMAOgf+Ilhl0vHQXKO5dZoxd+C/jEtq56c4F3wk71RB4BMRQ2XdI+bwYQ==",
      "cpu": [
        "arm64"
      ],
      "dev": true,
      "license": "Apache-2.0",
      "optional": true,
      "os": [
        "freebsd"
      ],
      "engines": {
        "node": ">=16.20.0"
      }
    },
    "node_modules/@typescript/typescript-freebsd-x64": {
      "version": "7.0.2",
      "resolved": "https://registry.npmjs.org/@typescript/typescript-freebsd-x64/-/typescript-freebsd-x64-7.0.2.tgz",
      "integrity": "sha512-UMGDx5sTpzNw3WiPebH7l90IWfJggEd+egHt/q6p7/Cm3zqoV7VxkGXt+3DxPIw8CcmvAB0j3sVVfbhX+M4Tpw==",
      "cpu": [
        "x64"
      ],
      "dev": true,
      "license": "Apache-2.0",
      "optional": true,
      "os": [
        "freebsd"
      ],
      "engines": {
        "node": ">=16.20.0"
      }
    },
    "node_modules/@typescript/typescript-linux-arm": {
      "version": "7.0.2",
      "resolved": "https://registry.npmjs.org/@typescript/typescript-linux-arm/-/typescript-linux-arm-7.0.2.tgz",
      "integrity": "sha512-gffT3xPz9sR7j/YJExkyPntrI0P2EP9XbOyWzth2/Gs0RstK+90RBcO0ncXoXy/beYll1SXw846Nf2zdnEz0QQ==",
      "cpu": [
        "arm"
      ],
      "dev": true,
      "license": "Apache-2.0",
      "optional": true,
      "os": [
        "linux"
      ],
      "engines": {
        "node": ">=16.20.0"
      }
    },
    "node_modules/@typescript/typescript-linux-arm64": {
      "version": "7.0.2",
      "resolved": "https://registry.npmjs.org/@typescript/typescript-linux-arm64/-/typescript-linux-arm64-7.0.2.tgz",
      "integrity": "sha512-Qh4eU4/y3yDjnfjjyPYihMj5/ODIlmt+Bzu17OI+fiSRDW57QmU5SiN63exPRNJPKUzcc1INa1NXdrJ+MqHjUQ==",
      "cpu": [
        "arm64"
      ],
      "dev": true,
      "license": "Apache-2.0",
      "optional": true,
      "os": [
        "linux"
      ],
      "engines": {
        "node": ">=16.20.0"
      }
    },
    "node_modules/@typescript/typescript-linux-loong64": {
      "version": "7.0.2",
      "resolved": "https://registry.npmjs.org/@typescript/typescript-linux-loong64/-/typescript-linux-loong64-7.0.2.tgz",
      "integrity": "sha512-uEHck9i8hoAzXPiYRib1O7miOnz23SxIeVl6F4LXox+qov1K35jHcEW6VHKvZI+pyvl7fZEP4MCU5LYvIq1GuQ==",
      "cpu": [
        "loong64"
      ],
      "dev": true,
      "license": "Apache-2.0",
      "optional": true,
      "os": [
        "linux"
      ],
      "engines": {
        "node": ">=16.20.0"
      }
    },
    "node_modules/@typescript/typescript-linux-mips64el": {
      "version": "7.0.2",
      "resolved": "https://registry.npmjs.org/@typescript/typescript-linux-mips64el/-/typescript-linux-mips64el-7.0.2.tgz",
      "integrity": "sha512-R4KvAMnE43W5Qeqb0Ly56O3mWMWIAgsMyz36DCaycd5nbg/9kzm0liw3JocfRqyJY0KPmzFjbswozXyW0DnIYA==",
      "cpu": [
        "mips64el"
      ],
      "dev": true,
      "license": "Apache-2.0",
      "optional": true,
      "os": [
        "linux"
      ],
      "engines": {
        "node": ">=16.20.0"
      }
    },
    "node_modules/@typescript/typescript-linux-ppc64": {
      "version": "7.0.2",
      "resolved": "https://registry.npmjs.org/@typescript/typescript-linux-ppc64/-/typescript-linux-ppc64-7.0.2.tgz",
      "integrity": "sha512-DORx5b3sd/4S7eayxm4FQv+A7CrkUIGRaHiwI8oiHTAI1fAPWhF4J0vAlkC8biAlHSVVwxMQ3tjZ2/DVbnQiiA==",
      "cpu": [
        "ppc64"
      ],
      "dev": true,
      "license": "Apache-2.0",
      "optional": true,
      "os": [
        "linux"
      ],
      "engines": {
        "node": ">=16.20.0"
      }
    },
    "node_modules/@typescript/typescript-linux-riscv64": {
      "version": "7.0.2",
      "resolved": "https://registry.npmjs.org/@typescript/typescript-linux-riscv64/-/typescript-linux-riscv64-7.0.2.tgz",
      "integrity": "sha512-wf0jqEDOjrPRnKwYRyyJDRo11KMbvMFrU+q4zqKyChODBzvlkbhNQfKvLxQCcwTpdDaXSHZTVuh0JoCrKCUMHQ==",
      "cpu": [
        "riscv64"
      ],
      "dev": true,
      "license": "Apache-2.0",
      "optional": true,
      "os": [
        "linux"
      ],
      "engines": {
        "node": ">=16.20.0"
      }
    },
    "node_modules/@typescript/typescript-linux-s390x": {
      "version": "7.0.2",
      "resolved": "https://registry.npmjs.org/@typescript/typescript-linux-s390x/-/typescript-linux-s390x-7.0.2.tgz",
      "integrity": "sha512-IkwJc3L7yhytWd/ewjyxNDfOmswCm9GWMJT/ue/dU4aZNbwZeYAetq42VyLmsmSjvoX7z74X6ZaYCtzAr0EuGw==",
      "cpu": [
        "s390x"
      ],
      "dev": true,
      "license": "Apache-2.0",
      "optional": true,
      "os": [
        "linux"
      ],
      "engines": {
        "node": ">=16.20.0"
      }
    },
    "node_modules/@typescript/typescript-linux-x64": {
      "version": "7.0.2",
      "resolved": "https://registry.npmjs.org/@typescript/typescript-linux-x64/-/typescript-linux-x64-7.0.2.tgz",
      "integrity": "sha512-EYdf2cNg7rgCWJnxCdJ+F3V39O8ihb37eHAu1LK8oAFizgTQbPOK7zHHXbPt8rX24COqODXeI3sIf0fCXG7H/A==",
      "cpu": [
        "x64"
      ],
      "dev": true,
      "license": "Apache-2.0",
      "optional": true,
      "os": [
        "linux"
      ],
      "engines": {
        "node": ">=16.20.0"
      }
    },
    "node_modules/@typescript/typescript-netbsd-arm64": {
      "version": "7.0.2",
      "resolved": "https://registry.npmjs.org/@typescript/typescript-netbsd-arm64/-/typescript-netbsd-arm64-7.0.2.tgz",
      "integrity": "sha512-+polYF4MF04aPpO5FTkHran9yUQDSXqy5GiSDKpsll5jy3l3+g9QLhpf39T+ePtefhXLOGrLl0QIjkQP6VnelA==",
      "cpu": [
        "arm64"
      ],
      "dev": true,
      "license": "Apache-2.0",
      "optional": true,
      "os": [
        "netbsd"
      ],
      "engines": {
        "node": ">=16.20.0"
      }
    },
    "node_modules/@typescript/typescript-netbsd-x64": {
      "version": "7.0.2",
      "resolved": "https://registry.npmjs.org/@typescript/typescript-netbsd-x64/-/typescript-netbsd-x64-7.0.2.tgz",
      "integrity": "sha512-8YIT0EHM/3dq10ZOVF/A7pc/YSMtbcecct4rWtexrnSCHOPcpC2KTLXfTCR6vDpnSiY12heNb1GiN/wu+T/FyA==",
      "cpu": [
        "x64"
      ],
      "dev": true,
      "license": "Apache-2.0",
      "optional": true,
      "os": [
        "netbsd"
      ],
      "engines": {
        "node": ">=16.20.0"
      }
    },
    "node_modules/@typescript/typescript-openbsd-arm64": {
      "version": "7.0.2",
      "resolved": "https://registry.npmjs.org/@typescript/typescript-openbsd-arm64/-/typescript-openbsd-arm64-7.0.2.tgz",
      "integrity": "sha512-APT8+ClYnuYm1u9+kgGXoMj2VzWzcymwh2gNSQVySHfkRDGOTVkoWLjCmOQSaO+PoqQ57B0flRp9SA+7GnnkzQ==",
      "cpu": [
        "arm64"
      ],
      "dev": true,
      "license": "Apache-2.0",
      "optional": true,
      "os": [
        "openbsd"
      ],
      "engines": {
        "node": ">=16.20.0"
      }
    },
    "node_modules/@typescript/typescript-openbsd-x64": {
      "version": "7.0.2",
      "resolved": "https://registry.npmjs.org/@typescript/typescript-openbsd-x64/-/typescript-openbsd-x64-7.0.2.tgz",
      "integrity": "sha512-yX7s+Q0Dln0Dt9tEzZsAjXXR/+ytBM7AlglaqyeMPxQszJ1JhlJdZ6jLA+IzldHtflX81em7lDao1xXu+aRRkg==",
      "cpu": [
        "x64"
      ],
      "dev": true,
      "license": "Apache-2.0",
      "optional": true,
      "os": [
        "openbsd"
      ],
      "engines": {
        "node": ">=16.20.0"
      }
    },
    "node_modules/@typescript/typescript-sunos-x64": {
      "version": "7.0.2",
      "resolved": "https://registry.npmjs.org/@typescript/typescript-sunos-x64/-/typescript-sunos-x64-7.0.2.tgz",
      "integrity": "sha512-dLJDGaLZ1D4HPQn62u1n8mBDkJREwMsAkCdkwd4Ieqw+x3TUyTsqY0YiBCtE6H6OzzgGk3iuZ3vFWRS+E8/d1g==",
      "cpu": [
        "x64"
      ],
      "dev": true,
      "license": "Apache-2.0",
      "optional": true,
      "os": [
        "sunos"
      ],
      "engines": {
        "node": ">=16.20.0"
      }
    },
    "node_modules/@typescript/typescript-win32-arm64": {
      "version": "7.0.2",
      "resolved": "https://registry.npmjs.org/@typescript/typescript-win32-arm64/-/typescript-win32-arm64-7.0.2.tgz",
      "integrity": "sha512-Gyl1Vy6OsWesLzmq+EP0Fb7b4Nid5232AvcA2SFcdYreldpNtYFFofPjnt62y9hQy7VTaZp65ICJjuAQRaVcIQ==",
      "cpu": [
        "arm64"
      ],
      "dev": true,
      "license": "Apache-2.0",
      "optional": true,
      "os": [
        "win32"
      ],
      "engines": {
        "node": ">=16.20.0"
      }
    },
    "node_modules/@typescript/typescript-win32-x64": {
      "version": "7.0.2",
      "resolved": "https://registry.npmjs.org/@typescript/typescript-win32-x64/-/typescript-win32-x64-7.0.2.tgz",
      "integrity": "sha512-0BQ3HkAHHlKLSp1qRvf3SUhGpGsDuhB/jgFw75guyqbxJqEaS0Cw/VFO8i2nHglJUzQCRtMMR/IBAKE3ETMC4g==",
      "cpu": [
        "x64"
      ],
      "dev": true,
      "license": "Apache-2.0",
      "optional": true,
      "os": [
        "win32"
      ],
      "engines": {
        "node": ">=16.20.0"
      }
    },
    "node_modules/@vue/compiler-core": {
      "version": "3.5.42",
      "resolved": "https://registry.npmjs.org/@vue/compiler-core/-/compiler-core-3.5.42.tgz",
      "integrity": "sha512-2Ye1ilMtKXxl8qZUrQ5j0CdgenFp/HFQmta6rfRyfEsTG69L6Wk+tWuNoHYHMx9E8tF2Slvdg1FuwDvAXdy1LQ==",
      "dev": true,
      "license": "MIT",
      "dependencies": {
        "@babel/parser": "^7.29.8",
        "@vue/shared": "3.5.42",
        "entities": "^7.0.1",
        "estree-walker": "^2.0.2",
        "source-map-js": "^1.2.1"
      }
    },
    "node_modules/@vue/compiler-dom": {
      "version": "3.5.42",
      "resolved": "https://registry.npmjs.org/@vue/compiler-dom/-/compiler-dom-3.5.42.tgz",
      "integrity": "sha512-qbhQZEFmycr+ni/qyuccS4sucNN7VAbDfbkvNxWOX2VfgFm90MNs3/UhRNKoPMEIVn0F8gdlYjLPvqxHwHeQOA==",
      "dev": true,
      "license": "MIT",
      "dependencies": {
        "@vue/compiler-core": "3.5.42",
        "@vue/shared": "3.5.42"
      }
    },
    "node_modules/@vue/compiler-sfc": {
      "version": "3.5.42",
      "resolved": "https://registry.npmjs.org/@vue/compiler-sfc/-/compiler-sfc-3.5.42.tgz",
      "integrity": "sha512-fkCAFB4okcAANGMThboWnScp/gzWjU0ZSkVnjTIiplmMDq2uq0tIB3j+xVu4rhv5rvOgBySCysudmbMd6xRRqw==",
      "dev": true,
      "license": "MIT",
      "dependencies": {
        "@babel/parser": "^7.29.8",
        "@vue/compiler-core": "3.5.42",
        "@vue/compiler-dom": "3.5.42",
        "@vue/compiler-ssr": "3.5.42",
        "@vue/shared": "3.5.42",
        "estree-walker": "^2.0.2",
        "magic-string": "^0.30.21",
        "postcss": "^8.5.19",
        "source-map-js": "^1.2.1"
      }
    },
    "node_modules/@vue/compiler-ssr": {
      "version": "3.5.42",
      "resolved": "https://registry.npmjs.org/@vue/compiler-ssr/-/compiler-ssr-3.5.42.tgz",
      "integrity": "sha512-xmLk3wLkbizPAiLyomjgFFosf2ys9b5Ghb+oh/k2tnvipNz8OFrQOiTcWCzyK7MpBp9KkyGtfvgfLUivbmuGYA==",
      "dev": true,
      "license": "MIT",
      "dependencies": {
        "@vue/compiler-dom": "3.5.42",
        "@vue/shared": "3.5.42"
      }
    },
    "node_modules/@vue/reactivity": {
      "version": "3.5.42",
      "resolved": "https://registry.npmjs.org/@vue/reactivity/-/reactivity-3.5.42.tgz",
      "integrity": "sha512-TzNNfKpb7hDxbQltwAut8VDQA5YP+BuRlxntHUuRjyKwlMvmAPbs3unhCvieijifY6vFfVBwsS7wG/C7uq+bEQ==",
      "dev": true,
      "license": "MIT",
      "dependencies": {
        "@vue/shared": "3.5.42"
      }
    },
    "node_modules/@vue/runtime-core": {
      "version": "3.5.42",
      "resolved": "https://registry.npmjs.org/@vue/runtime-core/-/runtime-core-3.5.42.tgz",
      "integrity": "sha512-9uACtuHs7vJGkm5Bp3xu4xRDLFTIYy5DgxpToVjqGIAhAEKwQfsaLvKINhM6nFVp6bZPRFGdDqd1g52MqKsotA==",
      "dev": true,
      "license": "MIT",
      "dependencies": {
        "@vue/reactivity": "3.5.42",
        "@vue/shared": "3.5.42"
      }
    },
    "node_modules/@vue/runtime-dom": {
      "version": "3.5.42",
      "resolved": "https://registry.npmjs.org/@vue/runtime-dom/-/runtime-dom-3.5.42.tgz",
      "integrity": "sha512-rsCmhiWLaRxGltLwhlCWyYkFn7WAbKRh0q17eZ1A6Dq6eqc2ACQ61IIryxz0LrsvCzHSilLA9JHovVwM8CNE2g==",
      "dev": true,
      "license": "MIT",
      "dependencies": {
        "@vue/reactivity": "3.5.42",
        "@vue/runtime-core": "3.5.42",
        "@vue/shared": "3.5.42",
        "csstype": "^3.2.3"
      }
    },
    "node_modules/@vue/server-renderer": {
      "version": "3.5.42",
      "resolved": "https://registry.npmjs.org/@vue/server-renderer/-/server-renderer-3.5.42.tgz",
      "integrity": "sha512-2++5dUyYS4gvo7xQXSECUDhB7TS0aOl5SeVfC5qSq1Jgfhjvegw1zqhwTIR3imZ+QYPJQw9gfcFvXGAjGZ7ajQ==",
      "dev": true,
      "license": "MIT",
      "dependencies": {
        "@vue/compiler-ssr": "3.5.42",
        "@vue/runtime-dom": "3.5.42",
        "@vue/shared": "3.5.42"
      }
    },
    "node_modules/@vue/shared": {
      "version": "3.5.42",
      "resolved": "https://registry.npmjs.org/@vue/shared/-/shared-3.5.42.tgz",
      "integrity": "sha512-2rPxex1jQf4jvl9MOHl6YaXCPcrNqz/FstMOEh3QWY+/OME9nQTvl9WYeCwhW7AFjaR0SnngZGlp/wkR6rkI6g==",
      "dev": true,
      "license": "MIT"
    },
    "node_modules/csstype": {
      "version": "3.2.3",
      "resolved": "https://registry.npmjs.org/csstype/-/csstype-3.2.3.tgz",
      "integrity": "sha512-z1HGKcYy2xA8AGQfwrn0PAy+PB7X/GSj3UVJW9qKyn43xWa+gl5nXmU4qqLMRzWVLFC8KusUX8T/0kCiOYpAIQ==",
      "dev": true,
      "license": "MIT"
    },
    "node_modules/entities": {
      "version": "7.0.1",
      "resolved": "https://registry.npmjs.org/entities/-/entities-7.0.1.tgz",
      "integrity": "sha512-TWrgLOFUQTH994YUyl1yT4uyavY5nNB5muff+RtWaqNVCAK408b5ZnnbNAUEWLTCpum9w6arT70i1XdQ4UeOPA==",
      "dev": true,
      "license": "BSD-2-Clause",
      "engines": {
        "node": ">=0.12"
      },
      "funding": {
        "url": "https://github.com/fb55/entities?sponsor=1"
      }
    },
    "node_modules/estree-walker": {
      "version": "2.0.2",
      "resolved": "https://registry.npmjs.org/estree-walker/-/estree-walker-2.0.2.tgz",
      "integrity": "sha512-Rfkk/Mp/DL7JVje3u18FxFujQlTNR2q6QfMSMB7AvCBx91NGj/ba3kCfza0f6dVDbw7YlRf/nDrn7pQrCCyQ/w==",
      "dev": true,
      "license": "MIT"
    },
    "node_modules/magic-string": {
      "version": "0.30.21",
      "resolved": "https://registry.npmjs.org/magic-string/-/magic-string-0.30.21.tgz",
      "integrity": "sha512-vd2F4YUyEXKGcLHoq+TEyCjxueSeHnFxyyjNp80yg0XV4vUhnDer/lvvlqM/arB5bXQN5K2/3oinyCRyx8T2CQ==",
      "dev": true,
      "license": "MIT",
      "dependencies": {
        "@jridgewell/sourcemap-codec": "^1.5.5"
      }
    },
    "node_modules/nanoid": {
      "version": "3.3.18",
      "resolved": "https://registry.npmjs.org/nanoid/-/nanoid-3.3.18.tgz",
      "integrity": "sha512-DTg4MJbGMWkfi6VZFdNt2/caMbQy4Ou+Op/hJQvGEWcnVfoA1QA+xzRKAzw9jD6+GVOOeYr/mIcuDSdug6F6+w==",
      "dev": true,
      "funding": [
        {
          "type": "github",
          "url": "https://github.com/sponsors/ai"
        }
      ],
      "license": "MIT",
      "bin": {
        "nanoid": "bin/nanoid.cjs"
      },
      "engines": {
        "node": "^10 || ^12 || ^13.7 || ^14 || >=15.0.1"
      }
    },
    "node_modules/picocolors": {
      "version": "1.1.1",
      "resolved": "https://registry.npmjs.org/picocolors/-/picocolors-1.1.1.tgz",
      "integrity": "sha512-xceH2snhtb5M9liqDsmEw56le376mTZkEX/jEb/RxNFyegNul7eNslCXP9FDj/Lcu0X8KEyMceP2ntpaHrDEVA==",
      "dev": true,
      "license": "ISC"
    },
    "node_modules/postcss": {
      "version": "8.5.28",
      "resolved": "https://registry.npmjs.org/postcss/-/postcss-8.5.28.tgz",
      "integrity": "sha512-RRuzqDtt5Y9h3quz5hWhK+TPnsmVs6WwSU6LkJMeY4HstUEDuYTG8UJSdawMRzmzAtV+KEoG8N3Qg2qLy5vM/A==",
      "dev": true,
      "funding": [
        {
          "type": "opencollective",
          "url": "https://opencollective.com/postcss/"
        },
        {
          "type": "tidelift",
          "url": "https://tidelift.com/funding/github/npm/postcss"
        },
        {
          "type": "github",
          "url": "https://github.com/sponsors/ai"
        }
      ],
      "license": "MIT",
      "dependencies": {
        "nanoid": "^3.3.18",
        "picocolors": "^1.1.1",
        "source-map-js": "^1.2.1"
      },
      "engines": {
        "node": "^10 || ^12 || >=14"
      }
    },
    "node_modules/react": {
      "version": "19.2.8",
      "resolved": "https://registry.npmjs.org/react/-/react-19.2.8.tgz",
      "integrity": "sha512-PWaYA1L/q9u2u7xYQi+Y3L3Yfnie7XyLeaJICV1MGD6LprsBxcAqGjYyr0eY3p+QdsA+x/Irkt4Qif8D63+Sbw==",
      "dev": true,
      "license": "MIT",
      "peer": true,
      "engines": {
        "node": ">=0.10.0"
      }
    },
    "node_modules/source-map-js": {
      "version": "1.2.1",
      "resolved": "https://registry.npmjs.org/source-map-js/-/source-map-js-1.2.1.tgz",
      "integrity": "sha512-UXWMKhLOwVKb728IUtQPXxfYU+usdybtUrK/8uGE8CQMvrhOpwvzDBwj0QhSL7MQc7vIsISBG8VQ8+IDQxpfQA==",
      "dev": true,
      "license": "BSD-3-Clause",
      "engines": {
        "node": ">=0.10.0"
      }
    },
    "node_modules/typescript": {
      "version": "7.0.2",
      "resolved": "https://registry.npmjs.org/typescript/-/typescript-7.0.2.tgz",
      "integrity": "sha512-8FYau96o3NKOhbjKi/qNvG/W5jhzxkbdm5sj9AbZ/5T5sWqn3hJgLfGx27sRKZWTvyzCP8dLRBTf5tBTSRVUNA==",
      "dev": true,
      "license": "Apache-2.0",
      "bin": {
        "tsc": "bin/tsc"
      },
      "engines": {
        "node": ">=16.20.0"
      },
      "optionalDependencies": {
        "@typescript/typescript-aix-ppc64": "7.0.2",
        "@typescript/typescript-darwin-arm64": "7.0.2",
        "@typescript/typescript-darwin-x64": "7.0.2",
        "@typescript/typescript-freebsd-arm64": "7.0.2",
        "@typescript/typescript-freebsd-x64": "7.0.2",
        "@typescript/typescript-linux-arm": "7.0.2",
        "@typescript/typescript-linux-arm64": "7.0.2",
        "@typescript/typescript-linux-loong64": "7.0.2",
        "@typescript/typescript-linux-mips64el": "7.0.2",
        "@typescript/typescript-linux-ppc64": "7.0.2",
        "@typescript/typescript-linux-riscv64": "7.0.2",
        "@typescript/typescript-linux-s390x": "7.0.2",
        "@typescript/typescript-linux-x64": "7.0.2",
        "@typescript/typescript-netbsd-arm64": "7.0.2",
        "@typescript/typescript-netbsd-x64": "7.0.2",
        "@typescript/typescript-openbsd-arm64": "7.0.2",
        "@typescript/typescript-openbsd-x64": "7.0.2",
        "@typescript/typescript-sunos-x64": "7.0.2",
        "@typescript/typescript-win32-arm64": "7.0.2",
        "@typescript/typescript-win32-x64": "7.0.2"
      }
    },
    "node_modules/vue": {
      "version": "3.5.42",
      "resolved": "https://registry.npmjs.org/vue/-/vue-3.5.42.tgz",
      "integrity": "sha512-4RyHQTbQvOPs3MfvUO1Sg0YRrKNnA0mAVtvpd12Tg1fKDN7OHBUl1IqSn8zGJjK9nI3NkNp8cgTpVrSZC5TTcA==",
      "dev": true,
      "license": "MIT",
      "dependencies": {
        "@vue/compiler-dom": "3.5.42",
        "@vue/compiler-sfc": "3.5.42",
        "@vue/runtime-dom": "3.5.42",
        "@vue/server-renderer": "3.5.42",
        "@vue/shared": "3.5.42"
      },
      "peerDependencies": {
        "typescript": "*"
      },
      "peerDependenciesMeta": {
        "typescript": {
          "optional": true
        }
      }
    }
  }
}
